{
  "version": "1.0",
  "generatedAt": "2026-08-04T03:53:43.697Z",
  "integrations": {
    "operations-hub": {
      "idMappings": {
        "base": "512a1c4ecafe1e31",
        "tables": {
          "Users": "te6Fapo3s3Z",
          "Projects": "tgnxoDXXZKU",
          "CrmItems": "t3YQwfgmdYT",
          "Participants": "tq2TgcufgtC",
          "RecruitmentRows": "t1LwYcZMtN4",
          "Suppliers": "txj1RpUiMAq",
          "PurchaseOrders": "ttikGox1NvV",
          "PoLineItems": "tkzwMo5wMB1",
          "Tasks": "thqX5FiqXTY",
          "CalendarEvents": "tvS9oPVMuAc",
          "Messages": "tqGuVyG3Dmr",
          "BoardColumns": "tdmzoRQ9hWH",
          "CellValues": "tiUarTa2jAY",
          "Invoices": "ta7eMxbSTQp",
          "Payments": "t7F8cWjEz1w",
          "Documents": "tfEg15qJDud",
          "Boards": "t1rGUj6zAHH",
          "SharedViews": "temMHJmHFvR",
          "ChatConversations": "txcvAVW2YmT",
          "BillingEntities": "tcKpoHVGo3p",
          "SupplierInvoices": "tdV9upA81R8",
          "ApprovalLimits": "tpsUtBHzC3M",
          "PoAuditLog": "t14QA92nooy",
          "PoAttachments": "t1TszC6M7xZ",
          "AppSettings": "tgypqHRfLtq",
          "Deals": "toTjYebp92a",
          "Cotizaciones": "tsPzavSDMcu",
          "CotizacionLineItems": "to3CM72CZVv",
          "DealDocuments": "twQ7UeH89Sr",
          "DocumentBlocks": "tq8AsyJ49WL",
          "PettyCashFunds": "trrE9Bc564A",
          "Expenses": "takoPEd6NsU",
          "ExpenseAuditLog": "tnA73aFuZLs",
          "ExpenseComments": "tbZ9uH9MDc7",
          "TaskComments": "t7HAW5jpE8C",
          "ExpenseLineItems": "ts9gDQWJh2p",
          "CommercialDashboardViews": "ts7vaKkT9dp",
          "CalendarAuditLog": "tvBg9uvmMH7",
          "CollectionProcesses": "tk2y6oZyh1n",
          "RubroAssignments": "tnJ9aWd1CfQ",
          "MigrationLog": "t4xqwgWCoqS"
        },
        "fields": {
          "Users": {
            "email": "faME8jrmjzR",
            "firstName": "fxjWzgaE6EE",
            "lastName": "fvkxGVaSMMt",
            "role": "fxqBspoJ8EA",
            "lastActiveAt": "frVVHfDgAW4",
            "purchaseLevel": "fhtZZ6Rj4Mj",
            "costCenters": "fxpBSP5RfV3",
            "accessComercial": "ff5gT5dcYqc",
            "accessOperacion": "fqKL9ExmGos",
            "accessAdmin": "fa4Cisz9jdH",
            "accessFinanzas": "faCx3szcikr",
            "accessOtros": "fiKPnLG1eDx",
            "maxApprovalAmount": "fe5aSaNMBVV",
            "visiblePages": "fbJUnxR9Nkk",
            "deals": "f3myJLZttge",
            "hiddenFromChat": "for5H771Z7w",
            "profilePhoto": "f4PxuBCNVfT",
            "departamento": "fo3ncYTqVFD",
            "projects": "fhwCcFdFeVz",
            "projects1": "f2UYiUA35Vs",
            "projects2": "fbUWhRm2F3v",
            "projects3": "f3Z2NdxfC5K",
            "dashboardWidgets": "f1w4Wnkf6CJ",
            "widgetLayout": "fmP3QQ5urix",
            "commercialDashboardViews": "f1v7JMrrEsq",
            "activeChannel": "f2YqWwoJgDg",
            "collectionProcesses": "fhnGddiiCaJ",
            "rubroAssignments": "f73niw292zL",
            "cotizacionRubros": "f7jXbm81atG",
            "migrationLog": "f75gXkfgpLv"
          },
          "Projects": {
            "projectCode": "fgCqtrTG3tF",
            "fullName": "faH33aGvDhS",
            "status": "f6yFiqtbeai",
            "client": "fdMMG9Vaw2k",
            "budget": "fs1V8Yfcatg",
            "startDate": "fgkLBUDLCgX",
            "endDate": "fxhFVs5rzJQ",
            "description": "f6Spi41iruV",
            "tematica": "f2rWds8TK4d",
            "timelineStatus": "fpHM2HLPzLQ",
            "timelineUrl": "f2wKnt5WnvV",
            "timelineUpdatedAt": "fonTxJn7sSZ",
            "teamsChannelUrl": "fiGJZCxaQpY",
            "teamsChannelStatus": "fjun7nmDUmE",
            "dealVinculado": "fcWVCikFBte",
            "lider": "fqphiz72k9c",
            "analistas": "f6kA3mBKxyp",
            "moderadores": "fhTGJxGYrDT",
            "asistentes": "fbsYyAhxGCz",
            "muestra": "fiTcfWozeR5",
            "muestraImagen": "fsnmojU92Dy",
            "instruccionesDeAnalisis": "fdQydCPYqt1",
            "lastAnalysisJson": "fxb4CyMe6Vh",
            "lastAnalysisAt": "f1GxVdYiZ4q",
            "createdBy": "frXyFmaWdGZ",
            "createdAt": "fcr6coMH7Lm"
          },
          "CrmItems": {
            "itemName": "f548jw2r7oE",
            "projectCode": "ftRrTdF72Cr",
            "client": "fv2tpPMxTmS",
            "status": "feRKvqkthmk",
            "proposalDate": "fjSt2JZVR8C",
            "contractDate": "ftduSXS5xyH",
            "budget": "f5E12vSCQrX",
            "revenue": "fwau5VAKrip",
            "assignedTo": "fqYrj6EdrVT",
            "notes": "fqHX5TdyYVX"
          },
          "Participants": {
            "fullName": "fdZTzX1aDEp",
            "email": "fuRuTgrho7M",
            "phone": "fpq8Xcg4aCu",
            "idNumber": "fr5spJLtNGJ",
            "city": "fnJnand3cMz",
            "gender": "f9Sxt4NKyvu",
            "age": "formtk7VSNq",
            "totalSessions": "f2nCSUJ3UPd",
            "notes": "fkkgcrPumcV"
          },
          "RecruitmentRows": {
            "rowName": "f6KAJVWW3bb",
            "projectCode": "f3fEo9h3xoW",
            "boardName": "fw4QfJBsNLY",
            "participantName": "fhHdEcUYnog",
            "email": "f2FnWpz8dBa",
            "phone": "fmKhJof2bt1",
            "idNumber": "fwQFR8TG3o2",
            "status": "fddJiZuuopL",
            "group": "feHbsTkSgYv",
            "parentRowId": "fdzXmeLrNmQ",
            "level": "ft7hV2hTjsQ",
            "ndaSent": "fjiN979XCft",
            "ndaSentDate": "f7xXZ4By5ge",
            "notes": "fg7B7PDhNBa",
            "sourceForm": "fiUamyp7m8Y",
            "deletedAt": "ffFt1gBFEof",
            "cellData": "fwixEEQwBa3",
            "rowOrder": "fwsaYdto7ah",
            "boardId": "foJ9bY48kjZ"
          },
          "Suppliers": {
            "supplierName": "frDmdjBokz6",
            "taxId": "f7v4AvxfHAa",
            "contactName": "f6sYRjRJia9",
            "email": "foA1zfqe9eT",
            "phone": "fd4YJoacuBX",
            "bankName": "fpjiBdJ66nB",
            "bankAccount": "fjAXU96mPZQ",
            "notes": "f2NG4k3NUNq",
            "categories": "f7eLsc3TMq2",
            "identifier": "fbTJZiZFDC3",
            "address": "f5b4kUAgaN7",
            "taxRegime": "fxueYU7Nftc",
            "personType": "fc3JcmFfcdC",
            "country": "fuVFDauJv3X",
            "accessToken": "fpB3E1ayqyc",
            "portalPassword": "fumjv4ReaK7"
          },
          "PurchaseOrders": {
            "poNumber": "fscroSyZNHk",
            "projectCode": "fu6SzKtkbia",
            "supplierName": "ffRNWeaxsA5",
            "issueDate": "fekFiLYkLso",
            "totalAmount": "fhixXmQBwSi",
            "status": "fisgCdYbxLR",
            "pdfUrl": "faakwY5eRUU",
            "notes": "f3FgJB4L1Cf",
            "category": "ffHLYiUM8Jg",
            "paymentTerms": "ficSvryWMp9",
            "currency": "f6Y5PcMr183",
            "createdBy": "fgPPA3e5MqQ",
            "approvedBy": "fqBTwAeaFDM",
            "serviceDescription": "f5XquEjcBpQ",
            "billingEntity": "foXvHnhYaDv",
            "emailSentAt": "fdyxryZaeuM",
            "emailSentTo": "f9TJXa7sShK",
            "tipoDeOc": "fj6GkZAUFC8",
            "poAuditLog": "f3sTJxgyhyu",
            "rejectionReason": "fjnG5PAbdYa",
            "pdfFile": "fffXZnsg3Nd",
            "pdfBase64": "fdTnYxuFajC",
            "poAttachments": "ftNXpAhcbyA",
            "origen": "fvWNfCDN5Yd"
          },
          "PoLineItems": {
            "description": "feMWgmhhEpm",
            "poId": "fnDjZF5c3bD",
            "category": "f4g9jRVLCqS",
            "quantity": "ftD9zjDcD9s",
            "unitPrice": "fqaA8b4kN8p",
            "total": "fjUAE7AGgro",
            "parentItemId": "fpcCjMiF1YE"
          },
          "Tasks": {
            "taskName": "f9voBRuwLFw",
            "projectCode": "fqYL4VLtakp",
            "status": "f1UwUxWzSSr",
            "assignedTo": "frZXX1F4xBr",
            "startDate": "fceoAD5WsYU",
            "endDate": "fwDMsv7AKLw",
            "parentTaskId": "fwjyWBT3zXj",
            "order": "fftFhb88Q9b",
            "notes": "fu6p2ENgG65",
            "boardName": "f8QjCJpzZPa",
            "boardId": "fsvLKoTGA8H"
          },
          "CalendarEvents": {
            "eventName": "fqEPiRU9rrT",
            "projectCode": "f9HxZkPrrYa",
            "calendarName": "fmcAj7rNmde",
            "eventDate": "fkT8QrbmWYv",
            "durationHours": "fp1v6uHMnF6",
            "location": "fdm6TSsEo9a",
            "attendees": "fheEjvgpt4B",
            "inviteSent": "f9xMgiRW9JA",
            "notes": "fht8G3L2WRv",
            "parentEventId": "fiTrCyDgaES",
            "inviteStatus": "f68tPJPQ5gQ",
            "outlookEventId": "fgDnBAEsiyY",
            "outlookEventLink": "fcziRJXfjdk",
            "inviteBodyHtml": "frKZ1wUmiPi",
            "inviteEmails": "f2QpfL6whfp",
            "boardId": "f2UwRHto9QE",
            "permitirReenvio": "f7Ln4SbAz5v"
          },
          "Messages": {
            "messageId": "fh7oxUP82mF",
            "channel": "fbnZiwWbWps",
            "senderName": "f6U5GedG1Kj",
            "senderEmail": "fbmu7pc9pTD",
            "content": "fhvWyrdV5g8",
            "sentAt": "f7ijKtYHq5z",
            "parentMessageId": "fcH8Mujqvnx",
            "reactions": "f2G21ZZWxXE",
            "pinned": "fwqJ485WiYB",
            "attachments": "fp33aG1GgrT"
          },
          "BoardColumns": {
            "columnName": "frhx1tMfzE5",
            "boardId": "fqDEeggnViZ",
            "columnType": "fci8h6vsbwv",
            "optionsJson": "fs94izQPSeF",
            "columnOrder": "fneSLm8jpeZ",
            "deletedAt": "fpS5qWmdWGM",
            "deletedBy": "fo43XFZQ2aQ"
          },
          "CellValues": {
            "cellId": "f8zSey3AFK8",
            "boardId": "fm9NoDzMPaP",
            "rowId": "fwTQJ1sSQuj",
            "columnId": "f9yxCZNczu3",
            "textValue": "ffU7nD317Tv",
            "numberValue": "f3nNoL8QcNW",
            "dateValue": "ffZXZduvg8S",
            "booleanValue": "fnZ41GVGezL",
            "fileUrl": "f7SUqJwHods",
            "deletedAt": "f19MQagjhPq"
          },
          "Invoices": {
            "invoiceNumber": "fvisSM44pwE",
            "projectCode": "f3YvQqR5Lie",
            "client": "fgYzSkdXang",
            "type": "f7e6tQy9Y1x",
            "amount": "ft4yc52SjcQ",
            "currency": "ffHBB6Cs8Qd",
            "issueDate": "foNFJjh6F4h",
            "dueDate": "f4dsjGyQraa",
            "status": "f3Qxp5f526b",
            "pdfUrl": "ftq4cLgHWBh",
            "notes": "fjpBBWPjzeN"
          },
          "Payments": {
            "paymentId": "f4tVDKYZWCX",
            "poId": "fw6NkbkBF1c",
            "invoiceId": "fjzze8Skkmp",
            "projectCode": "fcyh8ex78pA",
            "type": "fgJ96vW8Nho",
            "amount": "fpMtciLZzCj",
            "paymentDate": "fnhYjSStMK2",
            "method": "fkvGXLqcaXp",
            "reference": "frDfuBz6iic",
            "status": "foYPKXK4T7A",
            "notes": "fsY44bQNrPi",
            "supplierName": "fvZUEaaAeRT",
            "currency": "f9qUSFpNWPq",
            "attachment": "fxsYJdwBsJj",
            "dueDate": "f3byjKqJZ9P",
            "supplierInvoiceNumber": "f6aUbo9CzW9",
            "destinationAccount": "f1ncrataLwF",
            "sourceCompany": "fjDS971TEix",
            "sourceBank": "fhUiQXT38WH",
            "sourceAccount": "fu41uCCtc8X"
          },
          "Documents": {
            "documentName": "fbsYhJbezqe",
            "projectCode": "fvQBPmqcwJu",
            "category": "f3hQUk8Sq6z",
            "fileUrl": "fbXrjta5eok",
            "uploadedBy": "f9TDMCKMGpA",
            "uploadDate": "f8aiRwoFQrM",
            "version": "f7iYrbgjHg6",
            "notes": "f5ejh2w4Psk"
          },
          "Boards": {
            "boardName": "ffQpTEJx8eC",
            "projectCode": "fqRtas6xDEF",
            "boardOrder": "fijAk1Hm9qw",
            "deletedAt": "fph3sKKuiar",
            "boardType": "f9uFD74myyv",
            "excelColumnsJson": "fhZd3EyPwti",
            "calendarVersion": "fpXspivmycc",
            "calendarFileUrl": "fxovWnzcKoL",
            "timelineVersion": "ftgz49zWoYv"
          },
          "SharedViews": {
            "viewName": "fdRyniD1go3",
            "boardId": "fuua1J2ibNk",
            "projectCode": "frMjDH6aV3t",
            "boardName": "fiUXJJEnpx7",
            "token": "fwKHxSH48TP",
            "filtersJson": "fjP6rxmzehy",
            "visibleColumnsJson": "fbEHpeLvLX1",
            "createdBy": "fswmez1D9fq",
            "active": "f3sfMaupQY6",
            "type": "fhVJAouHgog",
            "sharedToken": "fkMmkZs4bZ6",
            "viewOrder": "fw4UFVZfYZU"
          },
          "ChatConversations": {
            "conversationName": "fbhhRSjwGDQ",
            "type": "fkmxAvXkbAX",
            "members": "frnQTujEUKt",
            "createdBy": "fiTrAYBTG78",
            "createdAt": "feQVwJdZvnH",
            "lastMessageAt": "f6fr9chMuhq"
          },
          "BillingEntities": {
            "companyName": "fkjhEcEyMwT",
            "rfc": "fxrdprx1dGC",
            "address": "ftN8dKvmBac",
            "postalCode": "fpmgyrxnrUF",
            "city": "f1BZMPduAgp",
            "state": "fhtUBsG2tTy"
          },
          "SupplierInvoices": {
            "invoiceNumber": "ftT5e2nRjB2",
            "poId": "fgAofR4Absj",
            "supplierId": "fsra1b782Y2",
            "supplierName": "f6KLi7DRYg9",
            "poNumber": "fufV7FqhsdH",
            "amount": "fa2Kq1nd3og",
            "currency": "fqPtXkhBwtC",
            "pdfFile": "f8ZiwNoATXy",
            "xmlFile": "fiEKwTQYqaJ",
            "supportFile": "fqV13QGfmJi",
            "status": "f3C8efjSdZK",
            "uploadDate": "fsw7NDWSL4f",
            "uploadedBy": "f3C89u9ETcN",
            "reviewNotes": "f2FyatubH22",
            "reviewedBy": "fffBnsfMdt6",
            "reviewedAt": "fuqTs2eNhS1",
            "projectCode": "fbY729qMjD4",
            "supplierComment": "f9WBTVs1XHu",
            "subtotal": "fnmQmadWEJD",
            "ivaRate": "f6H2hnoSJtJ",
            "ivaAmount": "fcxYBmJQcuN",
            "retencionIva": "fg6dguKkxee",
            "retencionIsr": "f6PBCa3tSuF"
          },
          "ApprovalLimits": {
            "limitId": "fsb4jrxSwRH",
            "costCenter": "fdBBjJ6NmhB",
            "approvalLevel": "f6pAB1WWAGi",
            "maxAmount": "fnkMCPgfrri"
          },
          "PoAuditLog": {
            "timestamp": "ftFYA3xbR5Z",
            "purchaseOrder": "ff89yhhg4a5",
            "action": "f9KDsgFnqEU",
            "userEmail": "fwJhYeMADR5",
            "userName": "fwjmjb99dpx",
            "comments": "f3xqXHcwSrS",
            "poNumber": "fghnXDoy8g2"
          },
          "PoAttachments": {
            "name": "fhTGsWb3MkF",
            "purchaseOrder": "fjy9GU67tvt",
            "fileUrl": "f2cX98xZdr9",
            "description": "f1N9u63xcUt",
            "uploadedByEmail": "f8ALwnm14T5",
            "uploadedByName": "fekJh6wBPfi",
            "uploadedAt": "fnaCDD1tCeK"
          },
          "AppSettings": {
            "settingKey": "fihvyBAd4NQ",
            "defaultVisiblePages": "fewJbHD2fSr"
          },
          "Deals": {
            "dealName": "fqw9WtoszU2",
            "phase": "fqS7fanWn3H",
            "client": "fektTN2ZSRb",
            "projectType": "fvmrbpSmB4t",
            "tematica": "f5WY18AWHKL",
            "owner": "fxzDfnaKM3L",
            "proposalDate": "f7Uqt1MNZGU",
            "approvalDate": "fmAf79XfTwS",
            "currency": "f5cySXSeAR7",
            "clientPrice": "feSUhFe5DQP",
            "taxesPct": "fbMrVM6pMRm",
            "quotedCost": "f1YXLzUgCsB",
            "notes": "fjasCrpHSZG",
            "cotizaciones": "foAVRhVg6zP",
            "dealDocuments": "fo4nnRJ562G",
            "retenciones": "f3FkPCjC26X",
            "documentBlocks": "fgAag1RuMYF",
            "projects": "fjjXxub4Eja",
            "empresaOperadora": "fw2Rm8DF7DF",
            "puntoDeContacto": "fjyxmXN2GZA",
            "statusPropuesta": "fdmCkgCqaM2",
            "hechaPor": "fbxLUANZCFJ",
            "fechaDeBrief": "f4sKJo97Auj",
            "fechaPerdida": "fu6St4dpYVS",
            "gerente": "fvHXWWoZi42",
            "exchangeRate": "f8nZ72J1FXG",
            "collectionProcesses": "f7SZwesBAAp"
          },
          "Cotizaciones": {
            "cotizacionName": "fmWkbct2Pbs",
            "deal": "ftoTFE2K497",
            "status": "fkagwBDBb3n",
            "currency": "ffA35NSYDyE",
            "totalCost": "f3teWnjcdTU",
            "clientPrice": "fmZPJyaLjje",
            "notes": "fu5ZbDiLQmH",
            "cotizacionLineItems": "fd99pYeoBmg",
            "included": "f5R1VkwxjVQ"
          },
          "CotizacionLineItems": {
            "subRubro": "f14az9GWPiD",
            "cotizacion": "f5B9Ctt7DdU",
            "rubro": "fxmDCRHhYyH",
            "cantidad": "foGEf1UuWwL",
            "unitCost": "ffq2J4sgf45",
            "hasMarkup": "fvG14mr6iZE",
            "markupPct": "ffXVQdB5Fe2",
            "finalPrice": "fms1ZjVbohQ",
            "componentes": "f4WeA2MH3tV",
            "includedInBudget": "frbdcUGi3MR"
          },
          "DealDocuments": {
            "documentName": "fwKH6f7CTCN",
            "deal": "f1MnUN6xeW8",
            "docType": "foN4L21kzSh",
            "version": "faxNkGosfSS",
            "fileUrl": "faZnm7QN3Bo",
            "fileName": "ficHxpH4eSa",
            "uploadDate": "fh5VgY9x9Mf",
            "notes": "f9Nv3Z14CPQ",
            "content": "f8PZUdDEyVT"
          },
          "DocumentBlocks": {
            "blockId": "fwJKyCxtwAP",
            "blockContent": "ffoCb6xp51B",
            "blockType": "f4VDArE6Yta",
            "authorName": "f8oSvwtJqdt",
            "authorEmail": "fhRPCqZNzXS",
            "deal": "f6LMJWHu3UU",
            "sortOrder": "fhwVbfSTniP",
            "createdAt": "f4AqTF6y5gF",
            "updatedAt": "f9oCBzBmQHb",
            "checklistData": "f9p851axJZT",
            "documentJson": "fkrxQJQMEuA"
          },
          "PettyCashFunds": {
            "fundName": "f1ir2UQi9PC",
            "initialAmount": "frcXW4Z7mwg",
            "currentBalance": "fsnHPHidVvx",
            "costCenter": "fnDwVC5xfSK",
            "status": "fkR8WerB169",
            "lastReplenishmentDate": "fjrigvezHsi",
            "notes": "f6jCeYgEi9a",
            "createdAt": "frvpnFVk1qX",
            "expenses": "fs7z7M7YSuq"
          },
          "Expenses": {
            "expenseNumber": "f5KvTRVFK7N",
            "description": "f6DSC6xNCSp",
            "amount": "fprcwNXcVdW",
            "category": "fpyfVFM9wjE",
            "paymentMethod": "fa155eNK8WA",
            "costCenter": "foprsWtZ7ff",
            "projectCode": "f6mT7hBayd1",
            "currency": "ff3EsW1YoP3",
            "expenseDate": "fcmhUTDQxEo",
            "status": "fuPtuKzX7Ev",
            "receipt": "fbU6eFN7vh9",
            "notes": "fuaBpdMi3Un",
            "createdBy": "ftzoyxT7eoD",
            "approvedBy": "fqFP5tqppHD",
            "rejectionReason": "fmtmePbyxHm",
            "pettyCashFund": "f59TSGwqUzQ",
            "createdAt": "f7xDCstszgT",
            "expenseAuditLog": "fuJcksEegMe",
            "expenseComments": "fbAJmSefpz6",
            "expenseLineItems": "f9WZozj136q"
          },
          "ExpenseAuditLog": {
            "timestamp": "f9ndwZ2ZpFe",
            "expense": "fnpaywE7uYd",
            "action": "fpPN1zmFV6L",
            "userEmail": "fvUJNqzbDsY",
            "userName": "fuAaPvsCnq4",
            "comments": "foQjps351XZ",
            "expenseNumber": "fmCh2eiUjMs"
          },
          "ExpenseComments": {
            "comment": "frpGR56Xg7A",
            "expense": "fvnFAGQ3R5y",
            "authorEmail": "fbL1b8SUVds",
            "authorName": "fca2gxRdE6k",
            "createdAt": "f2i7oYdxVrq"
          },
          "TaskComments": {
            "taskId": "fsYzpFibT6M",
            "messageId": "fvzq8HQhwt4",
            "taskName": "fazELYQwGXL",
            "channel": "fwYXHp5qtpo",
            "senderName": "fnNmHaMWizy",
            "senderEmail": "fg2LNa3YNzR",
            "content": "fm6VxHaj1Ea",
            "sentAt": "fupNViEPSaL",
            "isThreadReply": "fjXEzJgEoTD"
          },
          "ExpenseLineItems": {
            "description": "f7XTHCRnSWR",
            "expense": "fqjs8wGNKk1",
            "category": "fqJ7SHEHwmL",
            "amount": "fwV5LP44SEN",
            "date": "fo1Hf7Gsz9W",
            "receipt": "ff8WkgVaAes",
            "notes": "f6pZVJNc572"
          },
          "CommercialDashboardViews": {
            "viewName": "fewzyzjcqs8",
            "viewId": "ffpRDDs7fxB",
            "owner": "facKkardhxe",
            "isDefault": "faThueBTdHr",
            "isShared": "fuZH11sNE5L",
            "filtersJson": "fqB6QQbF7sV",
            "widgetsJson": "fktypiCfVso",
            "dateReference": "f7vhgbC26KH",
            "sortOrder": "f6rXpBkrbk5",
            "createdAt": "f2YQvTnBM4U",
            "updatedAt": "fqC5wzyA99P"
          },
          "CalendarAuditLog": {
            "action": "frhwjyX4rDc",
            "eventName": "f6RszbRe1uC",
            "calendarName": "fxxVAYELfhJ",
            "projectCode": "fdszrRiJzbU",
            "userEmail": "fsWxnHazwUn",
            "userName": "fmAbzYc15T2",
            "timestamp": "fbMGiGw7moG",
            "details": "frcMsDuETcY"
          },
          "CollectionProcesses": {
            "projectCode": "frVeAso6jcD",
            "deal": "fsj21qqMmAp",
            "client": "ffVXwFvVzCu",
            "currency": "fuXtibRyJbp",
            "quotedAmount": "fuGsjyV6HtZ",
            "collectionAmount": "foSR7ddszXE",
            "phase": "f4W4PRjbdwc",
            "applicablePhases": "fnWv994W5Bi",
            "proformaCreatedAt": "frTKVaGEJMD",
            "proformaSentAt": "ftQzBePxWCQ",
            "invoiceCreatedAt": "f5Thn5inWWd",
            "invoiceSentAt": "focu2m1eZRU",
            "portalUploadedAt": "fi4ZeBEaHcZ",
            "grMigoAt": "fgXKz32EAiG",
            "scheduledPaymentDate": "f5faESNrMPv",
            "paidAt": "fwiNVu33SWT",
            "invoiceNumber": "fkGYawgtibr",
            "status": "f1oudthdfmS",
            "notes": "fv6dSPgz1kT",
            "responsibleUser": "fgRcSiZEYSS"
          },
          "RubroAssignments": {
            "rubro": "fuaCrtGVjyv",
            "assignedUser": "fsTNDe5u7p7"
          },
          "MigrationLog": {
            "projectCode": "fkfGWuESUsX",
            "boardId": "f1aWgeMQrcv",
            "migrated": "fcnyuykHJ84",
            "failed": "f6fBbfBkhhD",
            "skipped": "f5TbnFbsAy3",
            "status": "f1gratG7BF6",
            "durationSeconds": "fmXdLEVUvTf",
            "runBy": "fidaNEXyA7L",
            "createdAt": "fr26yt7Luni"
          }
        }
      }
    }
  }
}